<?xml version="1.0" encoding="utf-8"?>
<Project ToolsVersion="4.0" xmlns="http://schemas.microsoft.com/developer/msbuild/2003">
  <ItemGroup>
    <Filter Include="shader">
      <UniqueIdentifier>{e4fde4ed-5791-4b28-9aaa-27d1b97430fd}</UniqueIdentifier>
    </Filter>
    <Filter Include="shader\shape">
      <UniqueIdentifier>{611890c5-5003-45a4-9d77-81118a9d7bf0}</UniqueIdentifier>
    </Filter>
    <Filter Include="shader\shape\2d">
      <UniqueIdentifier>{4b2d161c-19ee-4eac-b14f-d3123daba042}</UniqueIdentifier>
    </Filter>
    <Filter Include="shader\sprite">
      <UniqueIdentifier>{69af22f5-271d-4480-a139-2a184e2adf95}</UniqueIdentifier>
    </Filter>
    <Filter Include="shader\sprite\pseudo3d">
      <UniqueIdentifier>{abc73e52-7452-4902-a606-0dd139889bb0}</UniqueIdentifier>
    </Filter>
    <Filter Include="shader\sprite\2d">
      <UniqueIdentifier>{f2ab3490-59b8-4721-9a6d-0a207fce2b5c}</UniqueIdentifier>
    </Filter>
    <Filter Include="shader\filter">
      <UniqueIdentifier>{f5405997-b6d4-44ed-b9ff-f71a9736dd1c}</UniqueIdentifier>
    </Filter>
    <Filter Include="shader\filter\progs">
      <UniqueIdentifier>{bd31884e-e0ae-44fb-a5b6-0553ab510293}</UniqueIdentifier>
    </Filter>
    <Filter Include="shader\filter\progs\blur">
      <UniqueIdentifier>{bb661ec5-bee1-471f-952e-c7851f5c02b0}</UniqueIdentifier>
    </Filter>
    <Filter Include="shader\filter\progs\burning_map">
      <UniqueIdentifier>{6fa9582e-8384-443a-9b72-4e9fa311120f}</UniqueIdentifier>
    </Filter>
    <Filter Include="shader\filter\progs\edge_detect">
      <UniqueIdentifier>{e2e156de-98af-41d1-84d1-1be21670796a}</UniqueIdentifier>
    </Filter>
    <Filter Include="shader\filter\progs\gaussian_blur">
      <UniqueIdentifier>{da827923-9a93-4330-b9f4-72e270523b92}</UniqueIdentifier>
    </Filter>
    <Filter Include="shader\filter\progs\gray">
      <UniqueIdentifier>{a21f65b9-0170-45d3-a93d-c0fc0c70c368}</UniqueIdentifier>
    </Filter>
    <Filter Include="shader\filter\progs\heat_haze">
      <UniqueIdentifier>{cc8c1caa-4e3b-4a5f-a960-ceabda6b28f2}</UniqueIdentifier>
    </Filter>
    <Filter Include="shader\filter\progs\outline">
      <UniqueIdentifier>{8358d218-8774-425f-936c-e1e3af03d728}</UniqueIdentifier>
    </Filter>
    <Filter Include="shader\filter\progs\relief">
      <UniqueIdentifier>{2246c54b-0b1b-4c1a-a5b9-d51557768f61}</UniqueIdentifier>
    </Filter>
    <Filter Include="shader\filter\progs\shock_wave">
      <UniqueIdentifier>{f97e80dd-a504-451a-8969-7f1a627b8301}</UniqueIdentifier>
    </Filter>
    <Filter Include="shader\filter\progs\swirl">
      <UniqueIdentifier>{e1b5980b-822a-49a4-bfa1-6f71e2bb678f}</UniqueIdentifier>
    </Filter>
    <Filter Include="shader\filter\progs\mask">
      <UniqueIdentifier>{446c8759-affa-4960-be2f-cc1df57a297c}</UniqueIdentifier>
    </Filter>
    <Filter Include="shader\filter\progs\color_grading">
      <UniqueIdentifier>{2b73ebdf-0278-4b91-9c27-e43a563eb9b9}</UniqueIdentifier>
    </Filter>
    <Filter Include="shader\blend">
      <UniqueIdentifier>{6e17e685-4be4-404f-bddb-59c5fc555c4b}</UniqueIdentifier>
    </Filter>
    <Filter Include="shader\model3">
      <UniqueIdentifier>{8e06222a-f70c-4660-9ba1-ea34e44f198c}</UniqueIdentifier>
    </Filter>
    <Filter Include="shader\utility">
      <UniqueIdentifier>{2fc1ad5a-c152-4f75-8f4b-71ebfcc41c4e}</UniqueIdentifier>
    </Filter>
    <Filter Include="shader\utility\msg">
      <UniqueIdentifier>{9682ab01-31ea-4965-9c77-d40bc07fbd15}</UniqueIdentifier>
    </Filter>
    <Filter Include="shader\mask">
      <UniqueIdentifier>{36fe06cc-674c-44f6-b130-d72c8f7466b1}</UniqueIdentifier>
    </Filter>
    <Filter Include="utility">
      <UniqueIdentifier>{c2934c1d-fedc-435f-9116-51dd8da7beb8}</UniqueIdentifier>
    </Filter>
    <Filter Include="utility\stat">
      <UniqueIdentifier>{03db24c6-3b6d-4fcd-b9f5-6cf38df8d109}</UniqueIdentifier>
    </Filter>
    <Filter Include="render">
      <UniqueIdentifier>{9b808197-d781-45e0-9490-720c861307d6}</UniqueIdentifier>
    </Filter>
    <Filter Include="parser">
      <UniqueIdentifier>{e1c05760-47cb-4d31-9634-44db29b5baf1}</UniqueIdentifier>
    </Filter>
    <Filter Include="parser\utility">
      <UniqueIdentifier>{ba929a23-b4ab-4efd-8a03-abd92d5e3cb9}</UniqueIdentifier>
    </Filter>
    <Filter Include="parser\nodes">
      <UniqueIdentifier>{9507357c-79d9-43da-ad27-cd73bc886cab}</UniqueIdentifier>
    </Filter>
    <Filter Include="parser\nodes\vert">
      <UniqueIdentifier>{46a86e6b-0afe-416f-a83a-d821d16b9dc0}</UniqueIdentifier>
    </Filter>
    <Filter Include="parser\nodes\frag">
      <UniqueIdentifier>{ff646e67-6211-4a67-a569-c8fc9955de82}</UniqueIdentifier>
    </Filter>
    <Filter Include="parser\nodes\atomic">
      <UniqueIdentifier>{c4e691c5-e21c-402b-81d1-3ea046223e73}</UniqueIdentifier>
    </Filter>
    <Filter Include="parser\nodes\filter">
      <UniqueIdentifier>{a08eb860-89b6-4ade-a774-30f01d01515d}</UniqueIdentifier>
    </Filter>
    <Filter Include="parser\nodes\filter\blur">
      <UniqueIdentifier>{c2055f1b-71e4-4b82-abec-bbc3e4487c73}</UniqueIdentifier>
    </Filter>
    <Filter Include="parser\nodes\filter\edge_detect">
      <UniqueIdentifier>{be9d030f-305c-4567-9887-5498216ab341}</UniqueIdentifier>
    </Filter>
    <Filter Include="parser\nodes\filter\gaussian_blur">
      <UniqueIdentifier>{a4f9c522-59c6-450c-bd68-311a7e446e55}</UniqueIdentifier>
    </Filter>
    <Filter Include="parser\nodes\filter\gray">
      <UniqueIdentifier>{bc962b88-fc29-4af5-b03a-9e5ec35c8a44}</UniqueIdentifier>
    </Filter>
    <Filter Include="parser\nodes\filter\heat_haze">
      <UniqueIdentifier>{dab6117c-c45b-47ed-93be-8b12ff618a76}</UniqueIdentifier>
    </Filter>
    <Filter Include="parser\nodes\filter\outline">
      <UniqueIdentifier>{dd7ee31a-e993-47b0-92f6-7b76d4e99b5f}</UniqueIdentifier>
    </Filter>
    <Filter Include="parser\nodes\filter\relief">
      <UniqueIdentifier>{a520d1bf-0439-4252-82af-53aaa34288c6}</UniqueIdentifier>
    </Filter>
    <Filter Include="parser\nodes\filter\shock_wave">
      <UniqueIdentifier>{1d07a410-54c4-447c-89cd-2331c1c98fa8}</UniqueIdentifier>
    </Filter>
    <Filter Include="parser\nodes\filter\swirl">
      <UniqueIdentifier>{ed506e2f-12c4-4160-8ceb-1a5d1f416287}</UniqueIdentifier>
    </Filter>
    <Filter Include="parser\nodes\filter\burning_map">
      <UniqueIdentifier>{73e078e4-7efe-4c9d-9465-2696034fa05e}</UniqueIdentifier>
    </Filter>
    <Filter Include="parser\nodes\filter\color_grading">
      <UniqueIdentifier>{b47a717b-1440-47ce-9fb5-4ed40cc1ee0f}</UniqueIdentifier>
    </Filter>
    <Filter Include="parser\nodes\blend">
      <UniqueIdentifier>{00da590d-bcd6-4cd9-b012-1bab7117d777}</UniqueIdentifier>
    </Filter>
    <Filter Include="parser\nodes\mask">
      <UniqueIdentifier>{55fec0f2-858c-4d80-8943-87ee32f06982}</UniqueIdentifier>
    </Filter>
    <Filter Include="parser\variables">
      <UniqueIdentifier>{9633bffc-2fb9-4c81-9e25-607161970374}</UniqueIdentifier>
    </Filter>
    <Filter Include="parser\variables\types">
      <UniqueIdentifier>{dfd86f30-fcc0-4af7-afa3-3465b58f195e}</UniqueIdentifier>
    </Filter>
    <Filter Include="shader\shape\3d">
      <UniqueIdentifier>{31dd91c7-77a1-44da-9709-35490f3bbbba}</UniqueIdentifier>
    </Filter>
  </ItemGroup>
  <ItemGroup>
    <ClInclude Include="..\..\..\include\shaderlab\Shader.h">
      <Filter>shader</Filter>
    </ClInclude>
    <ClInclude Include="..\..\..\include\shaderlab\ShaderMgr.h">
      <Filter>shader</Filter>
    </ClInclude>
    <ClInclude Include="..\..\..\include\shaderlab\ShaderType.h">
      <Filter>shader</Filter>
    </ClInclude>
    <ClInclude Include="..\..\..\include\shaderlab\Uniform.h">
      <Filter>shader</Filter>
    </ClInclude>
    <ClInclude Include="..\..\..\include\shaderlab\Utility.h">
      <Filter>shader</Filter>
    </ClInclude>
    <ClInclude Include="..\..\..\include\shaderlab\ShapeShader.h">
      <Filter>shader\shape</Filter>
    </ClInclude>
    <ClInclude Include="..\..\..\include\shaderlab\Shape2Shader.h">
      <Filter>shader\shape\2d</Filter>
    </ClInclude>
    <ClInclude Include="..\..\..\include\shaderlab\Shape3Shader.h">
      <Filter>shader\shape\3d</Filter>
    </ClInclude>
    <ClInclude Include="..\..\..\include\shaderlab\SpriteShader.h">
      <Filter>shader\sprite</Filter>
    </ClInclude>
    <ClInclude Include="..\..\..\include\shaderlab\Sprite3Shader.h">
      <Filter>shader\sprite\pseudo3d</Filter>
    </ClInclude>
    <ClInclude Include="..\..\..\include\shaderlab\Sprite2Shader.h">
      <Filter>shader\sprite\2d</Filter>
    </ClInclude>
    <ClInclude Include="..\..\..\include\shaderlab\FilterMode.h">
      <Filter>shader\filter</Filter>
    </ClInclude>
    <ClInclude Include="..\..\..\include\shaderlab\FilterProgram.h">
      <Filter>shader\filter</Filter>
    </ClInclude>
    <ClInclude Include="..\..\..\include\shaderlab\FilterShader.h">
      <Filter>shader\filter</Filter>
    </ClInclude>
    <ClInclude Include="..\..\..\include\shaderlab\BlurProg.h">
      <Filter>shader\filter\progs\blur</Filter>
    </ClInclude>
    <ClInclude Include="..\..\..\include\shaderlab\BurningMapProg.h">
      <Filter>shader\filter\progs\burning_map</Filter>
    </ClInclude>
    <ClInclude Include="..\..\..\include\shaderlab\EdgeDetectProg.h">
      <Filter>shader\filter\progs\edge_detect</Filter>
    </ClInclude>
    <ClInclude Include="..\..\..\include\shaderlab\GaussianBlurHoriProg.h">
      <Filter>shader\filter\progs\gaussian_blur</Filter>
    </ClInclude>
    <ClInclude Include="..\..\..\include\shaderlab\GaussianBlurVertProg.h">
      <Filter>shader\filter\progs\gaussian_blur</Filter>
    </ClInclude>
    <ClInclude Include="..\..\..\include\shaderlab\GrayProg.h">
      <Filter>shader\filter\progs\gray</Filter>
    </ClInclude>
    <ClInclude Include="..\..\..\include\shaderlab\HeatHazeProg.h">
      <Filter>shader\filter\progs\heat_haze</Filter>
    </ClInclude>
    <ClInclude Include="..\..\..\include\shaderlab\OutlineProg.h">
      <Filter>shader\filter\progs\outline</Filter>
    </ClInclude>
    <ClInclude Include="..\..\..\include\shaderlab\ReliefProg.h">
      <Filter>shader\filter\progs\relief</Filter>
    </ClInclude>
    <ClInclude Include="..\..\..\include\shaderlab\ShockWaveProg.h">
      <Filter>shader\filter\progs\shock_wave</Filter>
    </ClInclude>
    <ClInclude Include="..\..\..\include\shaderlab\SwirlProg.h">
      <Filter>shader\filter\progs\swirl</Filter>
    </ClInclude>
    <ClInclude Include="..\..\..\include\shaderlab\ColGradingProg.h">
      <Filter>shader\filter\progs\color_grading</Filter>
    </ClInclude>
    <ClInclude Include="..\..\..\include\shaderlab\BlendMode.h">
      <Filter>shader\blend</Filter>
    </ClInclude>
    <ClInclude Include="..\..\..\include\shaderlab\BlendShader.h">
      <Filter>shader\blend</Filter>
    </ClInclude>
    <ClInclude Include="..\..\..\include\shaderlab\Model3Shader.h">
      <Filter>shader\model3</Filter>
    </ClInclude>
    <ClInclude Include="..\..\..\include\shaderlab\ShaderProgram.h">
      <Filter>shader\utility</Filter>
    </ClInclude>
    <ClInclude Include="..\..\..\include\shaderlab\ObserverMVP.h">
      <Filter>shader\utility\msg</Filter>
    </ClInclude>
    <ClInclude Include="..\..\..\include\shaderlab\SubjectMVP.h">
      <Filter>shader\utility\msg</Filter>
    </ClInclude>
    <ClInclude Include="..\..\..\include\shaderlab\SubjectMVP2.h">
      <Filter>shader\utility\msg</Filter>
    </ClInclude>
    <ClInclude Include="..\..\..\include\shaderlab\SubjectMVP3.h">
      <Filter>shader\utility\msg</Filter>
    </ClInclude>
    <ClInclude Include="..\..\..\include\shaderlab\MaskShader.h">
      <Filter>shader\mask</Filter>
    </ClInclude>
    <ClInclude Include="..\..\..\include\shaderlab\Buffer.h">
      <Filter>utility</Filter>
    </ClInclude>
    <ClInclude Include="..\..\..\include\shaderlab\Callback.h">
      <Filter>utility</Filter>
    </ClInclude>
    <ClInclude Include="..\..\..\include\shaderlab\StackAllocator.h">
      <Filter>utility</Filter>
    </ClInclude>
    <ClInclude Include="..\..\..\include\shaderlab\StatDrawCall.h">
      <Filter>utility\stat</Filter>
    </ClInclude>
    <ClInclude Include="..\..\..\include\shaderlab\Statistics.h">
      <Filter>utility\stat</Filter>
    </ClInclude>
    <ClInclude Include="..\..\..\include\shaderlab\RenderBuffer.h">
      <Filter>render</Filter>
    </ClInclude>
    <ClInclude Include="..\..\..\include\shaderlab\RenderLayout.h">
      <Filter>render</Filter>
    </ClInclude>
    <ClInclude Include="..\..\..\include\shaderlab\RenderTask.h">
      <Filter>render</Filter>
    </ClInclude>
    <ClInclude Include="..\..\..\include\shaderlab\ParserShader.h">
      <Filter>parser</Filter>
    </ClInclude>
    <ClInclude Include="..\..\..\include\shaderlab\Node.h">
      <Filter>parser\nodes</Filter>
    </ClInclude>
    <ClInclude Include="..\..\..\include\shaderlab\GouraudShading.h">
      <Filter>parser\nodes\vert</Filter>
    </ClInclude>
    <ClInclude Include="..\..\..\include\shaderlab\PositionTrans.h">
      <Filter>parser\nodes\vert</Filter>
    </ClInclude>
    <ClInclude Include="..\..\..\include\shaderlab\VertPosition.h">
      <Filter>parser\nodes\vert</Filter>
    </ClInclude>
    <ClInclude Include="..\..\..\include\shaderlab\ColorAddMul.h">
      <Filter>parser\nodes\frag</Filter>
    </ClInclude>
    <ClInclude Include="..\..\..\include\shaderlab\ColorMap.h">
      <Filter>parser\nodes\frag</Filter>
    </ClInclude>
    <ClInclude Include="..\..\..\include\shaderlab\FragColor.h">
      <Filter>parser\nodes\frag</Filter>
    </ClInclude>
    <ClInclude Include="..\..\..\include\shaderlab\TextureMap.h">
      <Filter>parser\nodes\frag</Filter>
    </ClInclude>
    <ClInclude Include="..\..\..\include\shaderlab\Add1.h">
      <Filter>parser\nodes\atomic</Filter>
    </ClInclude>
    <ClInclude Include="..\..\..\include\shaderlab\Add2.h">
      <Filter>parser\nodes\atomic</Filter>
    </ClInclude>
    <ClInclude Include="..\..\..\include\shaderlab\Assign.h">
      <Filter>parser\nodes\atomic</Filter>
    </ClInclude>
    <ClInclude Include="..\..\..\include\shaderlab\AttributeNode.h">
      <Filter>parser\nodes\atomic</Filter>
    </ClInclude>
    <ClInclude Include="..\..\..\include\shaderlab\Mul1.h">
      <Filter>parser\nodes\atomic</Filter>
    </ClInclude>
    <ClInclude Include="..\..\..\include\shaderlab\Mul2.h">
      <Filter>parser\nodes\atomic</Filter>
    </ClInclude>
    <ClInclude Include="..\..\..\include\shaderlab\VaryingNode.h">
      <Filter>parser\nodes\atomic</Filter>
    </ClInclude>
    <ClInclude Include="..\..\..\include\shaderlab\Filter.h">
      <Filter>parser\nodes\filter</Filter>
    </ClInclude>
    <ClInclude Include="..\..\..\include\shaderlab\Blur.h">
      <Filter>parser\nodes\filter\blur</Filter>
    </ClInclude>
    <ClInclude Include="..\..\..\include\shaderlab\EdgeDetect.h">
      <Filter>parser\nodes\filter\edge_detect</Filter>
    </ClInclude>
    <ClInclude Include="..\..\..\include\shaderlab\GaussianBlurHori.h">
      <Filter>parser\nodes\filter\gaussian_blur</Filter>
    </ClInclude>
    <ClInclude Include="..\..\..\include\shaderlab\GaussianBlurVert.h">
      <Filter>parser\nodes\filter\gaussian_blur</Filter>
    </ClInclude>
    <ClInclude Include="..\..\..\include\shaderlab\Gray.h">
      <Filter>parser\nodes\filter\gray</Filter>
    </ClInclude>
    <ClInclude Include="..\..\..\include\shaderlab\HeatHaze.h">
      <Filter>parser\nodes\filter\heat_haze</Filter>
    </ClInclude>
    <ClInclude Include="..\..\..\include\shaderlab\Outline.h">
      <Filter>parser\nodes\filter\outline</Filter>
    </ClInclude>
    <ClInclude Include="..\..\..\include\shaderlab\Relief.h">
      <Filter>parser\nodes\filter\relief</Filter>
    </ClInclude>
    <ClInclude Include="..\..\..\include\shaderlab\ShockWave.h">
      <Filter>parser\nodes\filter\shock_wave</Filter>
    </ClInclude>
    <ClInclude Include="..\..\..\include\shaderlab\Swirl.h">
      <Filter>parser\nodes\filter\swirl</Filter>
    </ClInclude>
    <ClInclude Include="..\..\..\include\shaderlab\BurningMap.h">
      <Filter>parser\nodes\filter\burning_map</Filter>
    </ClInclude>
    <ClInclude Include="..\..\..\include\shaderlab\ColorGrading.h">
      <Filter>parser\nodes\filter\color_grading</Filter>
    </ClInclude>
    <ClInclude Include="..\..\..\include\shaderlab\Blend.h">
      <Filter>parser\nodes\blend</Filter>
    </ClInclude>
    <ClInclude Include="..\..\..\include\shaderlab\Mask.h">
      <Filter>parser\nodes\mask</Filter>
    </ClInclude>
    <ClInclude Include="..\..\..\include\shaderlab\IOType.h">
      <Filter>parser\variables</Filter>
    </ClInclude>
    <ClInclude Include="..\..\..\include\shaderlab\Variable.h">
      <Filter>parser\variables</Filter>
    </ClInclude>
    <ClInclude Include="..\..\..\include\shaderlab\VariableType.h">
      <Filter>parser\variables</Filter>
    </ClInclude>
    <ClInclude Include="..\..\..\include\shaderlab\Attribute.h">
      <Filter>parser\variables\types</Filter>
    </ClInclude>
    <ClInclude Include="..\..\..\include\shaderlab\ParserUniform.h">
      <Filter>parser\variables\types</Filter>
    </ClInclude>
    <ClInclude Include="..\..\..\include\shaderlab\Varying.h">
      <Filter>parser\variables\types</Filter>
    </ClInclude>
    <ClInclude Include="..\..\..\include\c_wrap_sl.h" />
    <ClInclude Include="..\..\..\include\c_wrap_sl_deferred.h" />
    <ClInclude Include="..\..\..\include\shaderlab\RenderShader.h">
      <Filter>render</Filter>
    </ClInclude>
    <ClInclude Include="..\..\..\include\shaderlab\config.h">
      <Filter>utility</Filter>
    </ClInclude>
    <ClInclude Include="..\..\..\include\shaderlab\Facade.h" />
    <ClInclude Include="..\..\..\include\shaderlab\StringHelper.h">
      <Filter>parser\utility</Filter>
    </ClInclude>
    <ClInclude Include="..\..\..\include\shaderlab\Blackboard.h">
      <Filter>utility</Filter>
    </ClInclude>
    <ClInclude Include="..\..\..\include\shaderlab\RenderContext.h">
      <Filter>utility</Filter>
    </ClInclude>
  </ItemGroup>
  <ItemGroup>
    <ClCompile Include="..\..\..\source\shader\ShaderMgr.cpp">
      <Filter>shader</Filter>
    </ClCompile>
    <ClCompile Include="..\..\..\source\shader\Utility.cpp">
      <Filter>shader</Filter>
    </ClCompile>
    <ClCompile Include="..\..\..\source\shader\ShapeShader.cpp">
      <Filter>shader\shape</Filter>
    </ClCompile>
    <ClCompile Include="..\..\..\source\shader\Shape2Shader.cpp">
      <Filter>shader\shape\2d</Filter>
    </ClCompile>
    <ClCompile Include="..\..\..\source\shader\Shape3Shader.cpp">
      <Filter>shader\shape\3d</Filter>
    </ClCompile>
    <ClCompile Include="..\..\..\source\shader\SpriteShader.cpp">
      <Filter>shader\sprite</Filter>
    </ClCompile>
    <ClCompile Include="..\..\..\source\shader\Sprite3Shader.cpp">
      <Filter>shader\sprite\pseudo3d</Filter>
    </ClCompile>
    <ClCompile Include="..\..\..\source\shader\Sprite2Shader.cpp">
      <Filter>shader\sprite\2d</Filter>
    </ClCompile>
    <ClCompile Include="..\..\..\source\shader\FilterProgram.cpp">
      <Filter>shader\filter</Filter>
    </ClCompile>
    <ClCompile Include="..\..\..\source\shader\FilterShader.cpp">
      <Filter>shader\filter</Filter>
    </ClCompile>
    <ClCompile Include="..\..\..\source\shader\BlurProg.cpp">
      <Filter>shader\filter\progs\blur</Filter>
    </ClCompile>
    <ClCompile Include="..\..\..\source\shader\BurningMapProg.cpp">
      <Filter>shader\filter\progs\burning_map</Filter>
    </ClCompile>
    <ClCompile Include="..\..\..\source\shader\EdgeDetectProg.cpp">
      <Filter>shader\filter\progs\edge_detect</Filter>
    </ClCompile>
    <ClCompile Include="..\..\..\source\shader\GaussianBlurHoriProg.cpp">
      <Filter>shader\filter\progs\gaussian_blur</Filter>
    </ClCompile>
    <ClCompile Include="..\..\..\source\shader\GaussianBlurVertProg.cpp">
      <Filter>shader\filter\progs\gaussian_blur</Filter>
    </ClCompile>
    <ClCompile Include="..\..\..\source\shader\GrayProg.cpp">
      <Filter>shader\filter\progs\gray</Filter>
    </ClCompile>
    <ClCompile Include="..\..\..\source\shader\HeatHazeProg.cpp">
      <Filter>shader\filter\progs\heat_haze</Filter>
    </ClCompile>
    <ClCompile Include="..\..\..\source\shader\OutlineProg.cpp">
      <Filter>shader\filter\progs\outline</Filter>
    </ClCompile>
    <ClCompile Include="..\..\..\source\shader\ReliefProg.cpp">
      <Filter>shader\filter\progs\relief</Filter>
    </ClCompile>
    <ClCompile Include="..\..\..\source\shader\ShockWaveProg.cpp">
      <Filter>shader\filter\progs\shock_wave</Filter>
    </ClCompile>
    <ClCompile Include="..\..\..\source\shader\SwirlProg.cpp">
      <Filter>shader\filter\progs\swirl</Filter>
    </ClCompile>
    <ClCompile Include="..\..\..\source\shader\ColGradingProg.cpp">
      <Filter>shader\filter\progs\color_grading</Filter>
    </ClCompile>
    <ClCompile Include="..\..\..\source\shader\BlendShader.cpp">
      <Filter>shader\blend</Filter>
    </ClCompile>
    <ClCompile Include="..\..\..\source\shader\Model3Shader.cpp">
      <Filter>shader\model3</Filter>
    </ClCompile>
    <ClCompile Include="..\..\..\source\shader\ShaderProgram.cpp">
      <Filter>shader\utility</Filter>
    </ClCompile>
    <ClCompile Include="..\..\..\source\shader\ObserverMVP.cpp">
      <Filter>shader\utility\msg</Filter>
    </ClCompile>
    <ClCompile Include="..\..\..\source\shader\SubjectMVP2.cpp">
      <Filter>shader\utility\msg</Filter>
    </ClCompile>
    <ClCompile Include="..\..\..\source\shader\SubjectMVP3.cpp">
      <Filter>shader\utility\msg</Filter>
    </ClCompile>
    <ClCompile Include="..\..\..\source\shader\MaskShader.cpp">
      <Filter>shader\mask</Filter>
    </ClCompile>
    <ClCompile Include="..\..\..\source\utility\Buffer.cpp">
      <Filter>utility</Filter>
    </ClCompile>
    <ClCompile Include="..\..\..\source\utility\Callback.cpp">
      <Filter>utility</Filter>
    </ClCompile>
    <ClCompile Include="..\..\..\source\utility\StackAllocator.cpp">
      <Filter>utility</Filter>
    </ClCompile>
    <ClCompile Include="..\..\..\source\utility\StatDrawCall.cpp">
      <Filter>utility\stat</Filter>
    </ClCompile>
    <ClCompile Include="..\..\..\source\utility\Statistics.cpp">
      <Filter>utility\stat</Filter>
    </ClCompile>
    <ClCompile Include="..\..\..\source\render\RenderBuffer.cpp">
      <Filter>render</Filter>
    </ClCompile>
    <ClCompile Include="..\..\..\source\render\RenderLayout.cpp">
      <Filter>render</Filter>
    </ClCompile>
    <ClCompile Include="..\..\..\source\render\RenderTask.cpp">
      <Filter>render</Filter>
    </ClCompile>
    <ClCompile Include="..\..\..\source\parser\ParserShader.cpp">
      <Filter>parser</Filter>
    </ClCompile>
    <ClCompile Include="..\..\..\source\parser\Node.cpp">
      <Filter>parser\nodes</Filter>
    </ClCompile>
    <ClCompile Include="..\..\..\source\parser\GouraudShading.cpp">
      <Filter>parser\nodes\vert</Filter>
    </ClCompile>
    <ClCompile Include="..\..\..\source\parser\PositionTrans.cpp">
      <Filter>parser\nodes\vert</Filter>
    </ClCompile>
    <ClCompile Include="..\..\..\source\parser\ColorAddMul.cpp">
      <Filter>parser\nodes\frag</Filter>
    </ClCompile>
    <ClCompile Include="..\..\..\source\parser\ColorMap.cpp">
      <Filter>parser\nodes\frag</Filter>
    </ClCompile>
    <ClCompile Include="..\..\..\source\parser\TextureMap.cpp">
      <Filter>parser\nodes\frag</Filter>
    </ClCompile>
    <ClCompile Include="..\..\..\source\parser\Assign.cpp">
      <Filter>parser\nodes\atomic</Filter>
    </ClCompile>
    <ClCompile Include="..\..\..\source\parser\AttributeNode.cpp">
      <Filter>parser\nodes\atomic</Filter>
    </ClCompile>
    <ClCompile Include="..\..\..\source\parser\VaryingNode.cpp">
      <Filter>parser\nodes\atomic</Filter>
    </ClCompile>
    <ClCompile Include="..\..\..\source\parser\Filter.cpp">
      <Filter>parser\nodes\filter</Filter>
    </ClCompile>
    <ClCompile Include="..\..\..\source\parser\Gray.cpp">
      <Filter>parser\nodes\filter\gray</Filter>
    </ClCompile>
    <ClCompile Include="..\..\..\source\parser\Blend.cpp">
      <Filter>parser\nodes\blend</Filter>
    </ClCompile>
    <ClCompile Include="..\..\..\source\parser\Mask.cpp">
      <Filter>parser\nodes\mask</Filter>
    </ClCompile>
    <ClCompile Include="..\..\..\source\parser\Attribute.cpp">
      <Filter>parser\variables\types</Filter>
    </ClCompile>
    <ClCompile Include="..\..\..\source\parser\ParserUniform.cpp">
      <Filter>parser\variables\types</Filter>
    </ClCompile>
    <ClCompile Include="..\..\..\source\parser\Varying.cpp">
      <Filter>parser\variables\types</Filter>
    </ClCompile>
    <ClCompile Include="..\..\..\source\c_wrap_sl.cpp" />
    <ClCompile Include="..\..\..\source\c_wrap_sl_deferred.cpp" />
    <ClCompile Include="..\..\..\source\render\RenderShader.cpp">
      <Filter>render</Filter>
    </ClCompile>
    <ClCompile Include="..\..\..\source\Facade.cpp" />
    <ClCompile Include="..\..\..\source\parser\StringHelper.cpp">
      <Filter>parser\utility</Filter>
    </ClCompile>
    <ClCompile Include="..\..\..\source\utility\Blackboard.cpp">
      <Filter>utility</Filter>
    </ClCompile>
  </ItemGroup>
  <ItemGroup>
    <None Include="..\..\..\include\shaderlab\blur.frag">
      <Filter>parser\nodes\filter\blur</Filter>
    </None>
    <None Include="..\..\..\include\shaderlab\edge_detect.frag">
      <Filter>parser\nodes\filter\edge_detect</Filter>
    </None>
    <None Include="..\..\..\include\shaderlab\gaussian_blur_hori.frag">
      <Filter>parser\nodes\filter\gaussian_blur</Filter>
    </None>
    <None Include="..\..\..\include\shaderlab\gaussian_blur_vert.frag">
      <Filter>parser\nodes\filter\gaussian_blur</Filter>
    </None>
    <None Include="..\..\..\include\shaderlab\heat_haze.frag">
      <Filter>parser\nodes\filter\heat_haze</Filter>
    </None>
    <None Include="..\..\..\include\shaderlab\outline.frag">
      <Filter>parser\nodes\filter\outline</Filter>
    </None>
    <None Include="..\..\..\include\shaderlab\relief.frag">
      <Filter>parser\nodes\filter\relief</Filter>
    </None>
    <None Include="..\..\..\include\shaderlab\shock_wave.frag">
      <Filter>parser\nodes\filter\shock_wave</Filter>
    </None>
    <None Include="..\..\..\include\shaderlab\swirl.frag">
      <Filter>parser\nodes\filter\swirl</Filter>
    </None>
    <None Include="..\..\..\include\shaderlab\burning_map.frag">
      <Filter>parser\nodes\filter\burning_map</Filter>
    </None>
    <None Include="..\..\..\include\shaderlab\color_grading.frag">
      <Filter>parser\nodes\filter\color_grading</Filter>
    </None>
    <None Include="..\..\..\include\shaderlab\blend.frag">
      <Filter>parser\nodes\blend</Filter>
    </None>
    <None Include="..\..\..\include\shaderlab\Mask.frag">
      <Filter>parser\nodes\mask</Filter>
    </None>
  </ItemGroup>
</Project>