<?xml version="1.0" encoding="utf-8"?>
<Project ToolsVersion="4.0" xmlns="http://schemas.microsoft.com/developer/msbuild/2003">
  <ItemGroup>
    <Filter Include="shader">
      <UniqueIdentifier>{6ed87d74-def6-4f25-8be4-73c50ecc4105}</UniqueIdentifier>
    </Filter>
    <Filter Include="shader\shape">
      <UniqueIdentifier>{fd3273c7-461f-42c9-96a1-c037da323cdd}</UniqueIdentifier>
    </Filter>
    <Filter Include="shader\shape\2d">
      <UniqueIdentifier>{7f7ef67c-10fc-4207-89ee-f92c4482c87c}</UniqueIdentifier>
    </Filter>
    <Filter Include="shader\shape\pseudo3d">
      <UniqueIdentifier>{1e17c77f-b337-4873-85bc-859f08137516}</UniqueIdentifier>
    </Filter>
    <Filter Include="shader\sprite">
      <UniqueIdentifier>{7eed1bfb-3fad-40cf-a0bb-73ed9e77bd0d}</UniqueIdentifier>
    </Filter>
    <Filter Include="shader\sprite\pseudo3d">
      <UniqueIdentifier>{b13e5f74-cdac-4336-b6cd-0f19da12709a}</UniqueIdentifier>
    </Filter>
    <Filter Include="shader\sprite\2d">
      <UniqueIdentifier>{f56e4a62-edd6-4f60-82e5-58f7ea654d18}</UniqueIdentifier>
    </Filter>
    <Filter Include="shader\filter">
      <UniqueIdentifier>{b7c9d431-25a0-4c81-a103-0a3937b24839}</UniqueIdentifier>
    </Filter>
    <Filter Include="shader\filter\progs">
      <UniqueIdentifier>{5ce1e73e-5c5f-4dd0-98d5-66de61ff4ef2}</UniqueIdentifier>
    </Filter>
    <Filter Include="shader\filter\progs\blur">
      <UniqueIdentifier>{d6d50a78-26cd-4ba9-849f-590db203162c}</UniqueIdentifier>
    </Filter>
    <Filter Include="shader\filter\progs\burning_map">
      <UniqueIdentifier>{ae90337c-dc94-4a3c-9db3-a2cde78ba64c}</UniqueIdentifier>
    </Filter>
    <Filter Include="shader\filter\progs\edge_detect">
      <UniqueIdentifier>{8787f489-9f1c-44db-90fa-02ed44b5c09e}</UniqueIdentifier>
    </Filter>
    <Filter Include="shader\filter\progs\gaussian_blur">
      <UniqueIdentifier>{b7db9938-17ca-456e-9b94-c75456cec540}</UniqueIdentifier>
    </Filter>
    <Filter Include="shader\filter\progs\gray">
      <UniqueIdentifier>{3372a542-82ac-4f5f-b5ed-9997023ae2d7}</UniqueIdentifier>
    </Filter>
    <Filter Include="shader\filter\progs\heat_haze">
      <UniqueIdentifier>{5bce4ec8-c9db-4e1d-bab5-5bd88f9fd81c}</UniqueIdentifier>
    </Filter>
    <Filter Include="shader\filter\progs\outline">
      <UniqueIdentifier>{cb60bb03-bf7a-4818-b850-9e0f42ba6cce}</UniqueIdentifier>
    </Filter>
    <Filter Include="shader\filter\progs\relief">
      <UniqueIdentifier>{9a2cf184-6af3-41ed-81de-14d6d3eb2701}</UniqueIdentifier>
    </Filter>
    <Filter Include="shader\filter\progs\shock_wave">
      <UniqueIdentifier>{4bfea502-6b2e-49d1-bd38-9fbbfd4ae519}</UniqueIdentifier>
    </Filter>
    <Filter Include="shader\filter\progs\swirl">
      <UniqueIdentifier>{af63c99d-1ea3-4022-a67c-bf6bc402361a}</UniqueIdentifier>
    </Filter>
    <Filter Include="shader\filter\progs\mask">
      <UniqueIdentifier>{a7a0b6e3-e127-40f5-93bb-5f2794b0d9a6}</UniqueIdentifier>
    </Filter>
    <Filter Include="shader\filter\progs\color_grading">
      <UniqueIdentifier>{698a9460-19e5-4281-bd03-2524aed74b5b}</UniqueIdentifier>
    </Filter>
    <Filter Include="shader\blend">
      <UniqueIdentifier>{44c53142-c872-4f5f-9313-ae0d816f9983}</UniqueIdentifier>
    </Filter>
    <Filter Include="shader\model3">
      <UniqueIdentifier>{6fa36e1b-7ad5-4eda-a5cc-d61217b6ff7a}</UniqueIdentifier>
    </Filter>
    <Filter Include="shader\utility">
      <UniqueIdentifier>{3aa20786-2491-4015-92e7-8e9697bba5b0}</UniqueIdentifier>
    </Filter>
    <Filter Include="shader\utility\msg">
      <UniqueIdentifier>{05b8a5a5-7cd6-4259-8fdf-415c215a2f7a}</UniqueIdentifier>
    </Filter>
    <Filter Include="shader\mask">
      <UniqueIdentifier>{7ad3d955-28db-4e27-bac2-18cc40a2772f}</UniqueIdentifier>
    </Filter>
    <Filter Include="utility">
      <UniqueIdentifier>{489c21b2-8b25-4055-83c0-c4e7c8a1ad2c}</UniqueIdentifier>
    </Filter>
    <Filter Include="utility\stat">
      <UniqueIdentifier>{ce7fb461-4a36-46be-8946-90eaff996d07}</UniqueIdentifier>
    </Filter>
    <Filter Include="render">
      <UniqueIdentifier>{19fb5c3f-bde2-476f-9ea9-94cc5df44d86}</UniqueIdentifier>
    </Filter>
    <Filter Include="parser">
      <UniqueIdentifier>{440981da-1708-4ca9-bf08-36a167bcc75b}</UniqueIdentifier>
    </Filter>
    <Filter Include="parser\utility">
      <UniqueIdentifier>{db8f8d02-da67-431c-95d4-826326710f7c}</UniqueIdentifier>
    </Filter>
    <Filter Include="parser\nodes">
      <UniqueIdentifier>{ea78d037-3e9c-4bca-a072-5c4c7eb89ee0}</UniqueIdentifier>
    </Filter>
    <Filter Include="parser\nodes\vert">
      <UniqueIdentifier>{8e9cec92-9abf-4e2d-ba10-d6c04f914fdc}</UniqueIdentifier>
    </Filter>
    <Filter Include="parser\nodes\frag">
      <UniqueIdentifier>{98a04ec3-2a26-4f80-bf8e-e69b0f52b006}</UniqueIdentifier>
    </Filter>
    <Filter Include="parser\nodes\atomic">
      <UniqueIdentifier>{ffed6d6c-fac1-45f3-a30e-739a9d560920}</UniqueIdentifier>
    </Filter>
    <Filter Include="parser\nodes\filter">
      <UniqueIdentifier>{e09624ab-28d8-4342-b92a-e0bae57ac3f0}</UniqueIdentifier>
    </Filter>
    <Filter Include="parser\nodes\filter\blur">
      <UniqueIdentifier>{8833d62c-a62c-439c-bea1-3ddcb357f2bf}</UniqueIdentifier>
    </Filter>
    <Filter Include="parser\nodes\filter\edge_detect">
      <UniqueIdentifier>{a17d1e84-f299-4da8-97c0-9dec607da578}</UniqueIdentifier>
    </Filter>
    <Filter Include="parser\nodes\filter\gaussian_blur">
      <UniqueIdentifier>{6865e86b-55cb-4cd7-88b6-f5a7da8f66b9}</UniqueIdentifier>
    </Filter>
    <Filter Include="parser\nodes\filter\gray">
      <UniqueIdentifier>{d26c432d-595d-42e4-b4b9-30a1c4ebbd0c}</UniqueIdentifier>
    </Filter>
    <Filter Include="parser\nodes\filter\heat_haze">
      <UniqueIdentifier>{b6232146-7318-4f22-9e5d-db3e62bede16}</UniqueIdentifier>
    </Filter>
    <Filter Include="parser\nodes\filter\outline">
      <UniqueIdentifier>{49b847c1-a410-488e-9e8f-4c1009dc24ab}</UniqueIdentifier>
    </Filter>
    <Filter Include="parser\nodes\filter\relief">
      <UniqueIdentifier>{9c806c2a-b6aa-429e-8e48-d0478da24849}</UniqueIdentifier>
    </Filter>
    <Filter Include="parser\nodes\filter\shock_wave">
      <UniqueIdentifier>{3be21049-6498-4e19-a770-3e5bf76cd7e9}</UniqueIdentifier>
    </Filter>
    <Filter Include="parser\nodes\filter\swirl">
      <UniqueIdentifier>{83e9761c-e099-40b8-98a7-dc37c9cefa65}</UniqueIdentifier>
    </Filter>
    <Filter Include="parser\nodes\filter\burning_map">
      <UniqueIdentifier>{967aa10b-aa05-432d-a5a9-4544f240d752}</UniqueIdentifier>
    </Filter>
    <Filter Include="parser\nodes\filter\color_grading">
      <UniqueIdentifier>{72ebe159-2592-4d35-acfd-ae26ffa4b0b4}</UniqueIdentifier>
    </Filter>
    <Filter Include="parser\nodes\blend">
      <UniqueIdentifier>{6785e388-efbf-4fdd-a6f3-200e26797ce6}</UniqueIdentifier>
    </Filter>
    <Filter Include="parser\nodes\mask">
      <UniqueIdentifier>{c4d2c86c-04c3-47da-ae73-1a0ea1678f76}</UniqueIdentifier>
    </Filter>
    <Filter Include="parser\variables">
      <UniqueIdentifier>{b3b693f6-1f5f-4268-95b0-03d1651d3b82}</UniqueIdentifier>
    </Filter>
    <Filter Include="parser\variables\types">
      <UniqueIdentifier>{3b95ffb6-070c-45f0-9952-71f6c1183273}</UniqueIdentifier>
    </Filter>
  </ItemGroup>
  <ItemGroup>
    <ClInclude Include="..\..\..\include\shaderlab\Shader.h">
      <Filter>shader</Filter>
    </ClInclude>
    <ClInclude Include="..\..\..\include\shaderlab\ShaderMgr.h">
      <Filter>shader</Filter>
    </ClInclude>
    <ClInclude Include="..\..\..\include\shaderlab\ShaderType.h">
      <Filter>shader</Filter>
    </ClInclude>
    <ClInclude Include="..\..\..\include\shaderlab\Uniform.h">
      <Filter>shader</Filter>
    </ClInclude>
    <ClInclude Include="..\..\..\include\shaderlab\Utility.h">
      <Filter>shader</Filter>
    </ClInclude>
    <ClInclude Include="..\..\..\include\shaderlab\ShapeShader.h">
      <Filter>shader\shape</Filter>
    </ClInclude>
    <ClInclude Include="..\..\..\include\shaderlab\Shape2Shader.h">
      <Filter>shader\shape\2d</Filter>
    </ClInclude>
    <ClInclude Include="..\..\..\include\shaderlab\Shape3Shader.h">
      <Filter>shader\shape\pseudo3d</Filter>
    </ClInclude>
    <ClInclude Include="..\..\..\include\shaderlab\SpriteShader.h">
      <Filter>shader\sprite</Filter>
    </ClInclude>
    <ClInclude Include="..\..\..\include\shaderlab\Sprite3Shader.h">
      <Filter>shader\sprite\pseudo3d</Filter>
    </ClInclude>
    <ClInclude Include="..\..\..\include\shaderlab\Sprite2Shader.h">
      <Filter>shader\sprite\2d</Filter>
    </ClInclude>
    <ClInclude Include="..\..\..\include\shaderlab\FilterMode.h">
      <Filter>shader\filter</Filter>
    </ClInclude>
    <ClInclude Include="..\..\..\include\shaderlab\FilterProgram.h">
      <Filter>shader\filter</Filter>
    </ClInclude>
    <ClInclude Include="..\..\..\include\shaderlab\FilterShader.h">
      <Filter>shader\filter</Filter>
    </ClInclude>
    <ClInclude Include="..\..\..\include\shaderlab\BlurProg.h">
      <Filter>shader\filter\progs\blur</Filter>
    </ClInclude>
    <ClInclude Include="..\..\..\include\shaderlab\BurningMapProg.h">
      <Filter>shader\filter\progs\burning_map</Filter>
    </ClInclude>
    <ClInclude Include="..\..\..\include\shaderlab\EdgeDetectProg.h">
      <Filter>shader\filter\progs\edge_detect</Filter>
    </ClInclude>
    <ClInclude Include="..\..\..\include\shaderlab\GaussianBlurHoriProg.h">
      <Filter>shader\filter\progs\gaussian_blur</Filter>
    </ClInclude>
    <ClInclude Include="..\..\..\include\shaderlab\GaussianBlurVertProg.h">
      <Filter>shader\filter\progs\gaussian_blur</Filter>
    </ClInclude>
    <ClInclude Include="..\..\..\include\shaderlab\GrayProg.h">
      <Filter>shader\filter\progs\gray</Filter>
    </ClInclude>
    <ClInclude Include="..\..\..\include\shaderlab\HeatHazeProg.h">
      <Filter>shader\filter\progs\heat_haze</Filter>
    </ClInclude>
    <ClInclude Include="..\..\..\include\shaderlab\OutlineProg.h">
      <Filter>shader\filter\progs\outline</Filter>
    </ClInclude>
    <ClInclude Include="..\..\..\include\shaderlab\ReliefProg.h">
      <Filter>shader\filter\progs\relief</Filter>
    </ClInclude>
    <ClInclude Include="..\..\..\include\shaderlab\ShockWaveProg.h">
      <Filter>shader\filter\progs\shock_wave</Filter>
    </ClInclude>
    <ClInclude Include="..\..\..\include\shaderlab\SwirlProg.h">
      <Filter>shader\filter\progs\swirl</Filter>
    </ClInclude>
    <ClInclude Include="..\..\..\include\shaderlab\ColGradingProg.h">
      <Filter>shader\filter\progs\color_grading</Filter>
    </ClInclude>
    <ClInclude Include="..\..\..\include\shaderlab\BlendMode.h">
      <Filter>shader\blend</Filter>
    </ClInclude>
    <ClInclude Include="..\..\..\include\shaderlab\BlendShader.h">
      <Filter>shader\blend</Filter>
    </ClInclude>
    <ClInclude Include="..\..\..\include\shaderlab\Model3Shader.h">
      <Filter>shader\model3</Filter>
    </ClInclude>
    <ClInclude Include="..\..\..\include\shaderlab\ShaderProgram.h">
      <Filter>shader\utility</Filter>
    </ClInclude>
    <ClInclude Include="..\..\..\include\shaderlab\ObserverMVP.h">
      <Filter>shader\utility\msg</Filter>
    </ClInclude>
    <ClInclude Include="..\..\..\include\shaderlab\SubjectMVP.h">
      <Filter>shader\utility\msg</Filter>
    </ClInclude>
    <ClInclude Include="..\..\..\include\shaderlab\SubjectMVP2.h">
      <Filter>shader\utility\msg</Filter>
    </ClInclude>
    <ClInclude Include="..\..\..\include\shaderlab\SubjectMVP3.h">
      <Filter>shader\utility\msg</Filter>
    </ClInclude>
    <ClInclude Include="..\..\..\include\shaderlab\MaskShader.h">
      <Filter>shader\mask</Filter>
    </ClInclude>
    <ClInclude Include="..\..\..\include\shaderlab\Buffer.h">
      <Filter>utility</Filter>
    </ClInclude>
    <ClInclude Include="..\..\..\include\shaderlab\StackAllocator.h">
      <Filter>utility</Filter>
    </ClInclude>
    <ClInclude Include="..\..\..\include\shaderlab\typedef.h">
      <Filter>utility</Filter>
    </ClInclude>
    <ClInclude Include="..\..\..\include\shaderlab\StatDrawCall.h">
      <Filter>utility\stat</Filter>
    </ClInclude>
    <ClInclude Include="..\..\..\include\shaderlab\Statistics.h">
      <Filter>utility\stat</Filter>
    </ClInclude>
    <ClInclude Include="..\..\..\include\shaderlab\RenderBuffer.h">
      <Filter>render</Filter>
    </ClInclude>
    <ClInclude Include="..\..\..\include\shaderlab\RenderLayout.h">
      <Filter>render</Filter>
    </ClInclude>
    <ClInclude Include="..\..\..\include\shaderlab\SL_RenderShader.h">
      <Filter>render</Filter>
    </ClInclude>
    <ClInclude Include="..\..\..\include\shaderlab\ParserShader.h">
      <Filter>parser</Filter>
    </ClInclude>
    <ClInclude Include="..\..\..\include\shaderlab\SL_StringHelper.h">
      <Filter>parser\utility</Filter>
    </ClInclude>
    <ClInclude Include="..\..\..\include\shaderlab\Node.h">
      <Filter>parser\nodes</Filter>
    </ClInclude>
    <ClInclude Include="..\..\..\include\shaderlab\GouraudShading.h">
      <Filter>parser\nodes\vert</Filter>
    </ClInclude>
    <ClInclude Include="..\..\..\include\shaderlab\PositionTrans.h">
      <Filter>parser\nodes\vert</Filter>
    </ClInclude>
    <ClInclude Include="..\..\..\include\shaderlab\VertPosition.h">
      <Filter>parser\nodes\vert</Filter>
    </ClInclude>
    <ClInclude Include="..\..\..\include\shaderlab\ColorAddMul.h">
      <Filter>parser\nodes\frag</Filter>
    </ClInclude>
    <ClInclude Include="..\..\..\include\shaderlab\ColorMap.h">
      <Filter>parser\nodes\frag</Filter>
    </ClInclude>
    <ClInclude Include="..\..\..\include\shaderlab\FragColor.h">
      <Filter>parser\nodes\frag</Filter>
    </ClInclude>
    <ClInclude Include="..\..\..\include\shaderlab\TextureMap.h">
      <Filter>parser\nodes\frag</Filter>
    </ClInclude>
    <ClInclude Include="..\..\..\include\shaderlab\Add1.h">
      <Filter>parser\nodes\atomic</Filter>
    </ClInclude>
    <ClInclude Include="..\..\..\include\shaderlab\Add2.h">
      <Filter>parser\nodes\atomic</Filter>
    </ClInclude>
    <ClInclude Include="..\..\..\include\shaderlab\Assign.h">
      <Filter>parser\nodes\atomic</Filter>
    </ClInclude>
    <ClInclude Include="..\..\..\include\shaderlab\AttributeNode.h">
      <Filter>parser\nodes\atomic</Filter>
    </ClInclude>
    <ClInclude Include="..\..\..\include\shaderlab\Mul1.h">
      <Filter>parser\nodes\atomic</Filter>
    </ClInclude>
    <ClInclude Include="..\..\..\include\shaderlab\Mul2.h">
      <Filter>parser\nodes\atomic</Filter>
    </ClInclude>
    <ClInclude Include="..\..\..\include\shaderlab\VaryingNode.h">
      <Filter>parser\nodes\atomic</Filter>
    </ClInclude>
    <ClInclude Include="..\..\..\include\shaderlab\Filter.h">
      <Filter>parser\nodes\filter</Filter>
    </ClInclude>
    <ClInclude Include="..\..\..\include\shaderlab\Blur.h">
      <Filter>parser\nodes\filter\blur</Filter>
    </ClInclude>
    <ClInclude Include="..\..\..\include\shaderlab\EdgeDetect.h">
      <Filter>parser\nodes\filter\edge_detect</Filter>
    </ClInclude>
    <ClInclude Include="..\..\..\include\shaderlab\GaussianBlurHori.h">
      <Filter>parser\nodes\filter\gaussian_blur</Filter>
    </ClInclude>
    <ClInclude Include="..\..\..\include\shaderlab\GaussianBlurVert.h">
      <Filter>parser\nodes\filter\gaussian_blur</Filter>
    </ClInclude>
    <ClInclude Include="..\..\..\include\shaderlab\Gray.h">
      <Filter>parser\nodes\filter\gray</Filter>
    </ClInclude>
    <ClInclude Include="..\..\..\include\shaderlab\HeatHaze.h">
      <Filter>parser\nodes\filter\heat_haze</Filter>
    </ClInclude>
    <ClInclude Include="..\..\..\include\shaderlab\Outline.h">
      <Filter>parser\nodes\filter\outline</Filter>
    </ClInclude>
    <ClInclude Include="..\..\..\include\shaderlab\Relief.h">
      <Filter>parser\nodes\filter\relief</Filter>
    </ClInclude>
    <ClInclude Include="..\..\..\include\shaderlab\ShockWave.h">
      <Filter>parser\nodes\filter\shock_wave</Filter>
    </ClInclude>
    <ClInclude Include="..\..\..\include\shaderlab\Swirl.h">
      <Filter>parser\nodes\filter\swirl</Filter>
    </ClInclude>
    <ClInclude Include="..\..\..\include\shaderlab\BurningMap.h">
      <Filter>parser\nodes\filter\burning_map</Filter>
    </ClInclude>
    <ClInclude Include="..\..\..\include\shaderlab\ColorGrading.h">
      <Filter>parser\nodes\filter\color_grading</Filter>
    </ClInclude>
    <ClInclude Include="..\..\..\include\shaderlab\Blend.h">
      <Filter>parser\nodes\blend</Filter>
    </ClInclude>
    <ClInclude Include="..\..\..\include\shaderlab\Mask.h">
      <Filter>parser\nodes\mask</Filter>
    </ClInclude>
    <ClInclude Include="..\..\..\include\shaderlab\IOType.h">
      <Filter>parser\variables</Filter>
    </ClInclude>
    <ClInclude Include="..\..\..\include\shaderlab\Variable.h">
      <Filter>parser\variables</Filter>
    </ClInclude>
    <ClInclude Include="..\..\..\include\shaderlab\VariableType.h">
      <Filter>parser\variables</Filter>
    </ClInclude>
    <ClInclude Include="..\..\..\include\shaderlab\Attribute.h">
      <Filter>parser\variables\types</Filter>
    </ClInclude>
    <ClInclude Include="..\..\..\include\shaderlab\ParserUniform.h">
      <Filter>parser\variables\types</Filter>
    </ClInclude>
    <ClInclude Include="..\..\..\include\shaderlab\Varying.h">
      <Filter>parser\variables\types</Filter>
    </ClInclude>
    <ClInclude Include="..\..\..\include\c_wrap_sl.h" />
  </ItemGroup>
  <ItemGroup>
    <ClCompile Include="..\..\..\source\shader\ShaderMgr.cpp">
      <Filter>shader</Filter>
    </ClCompile>
    <ClCompile Include="..\..\..\source\shader\Utility.cpp">
      <Filter>shader</Filter>
    </ClCompile>
    <ClCompile Include="..\..\..\source\shader\ShapeShader.cpp">
      <Filter>shader\shape</Filter>
    </ClCompile>
    <ClCompile Include="..\..\..\source\shader\Shape2Shader.cpp">
      <Filter>shader\shape\2d</Filter>
    </ClCompile>
    <ClCompile Include="..\..\..\source\shader\Shape3Shader.cpp">
      <Filter>shader\shape\pseudo3d</Filter>
    </ClCompile>
    <ClCompile Include="..\..\..\source\shader\SpriteShader.cpp">
      <Filter>shader\sprite</Filter>
    </ClCompile>
    <ClCompile Include="..\..\..\source\shader\Sprite3Shader.cpp">
      <Filter>shader\sprite\pseudo3d</Filter>
    </ClCompile>
    <ClCompile Include="..\..\..\source\shader\Sprite2Shader.cpp">
      <Filter>shader\sprite\2d</Filter>
    </ClCompile>
    <ClCompile Include="..\..\..\source\shader\FilterProgram.cpp">
      <Filter>shader\filter</Filter>
    </ClCompile>
    <ClCompile Include="..\..\..\source\shader\FilterShader.cpp">
      <Filter>shader\filter</Filter>
    </ClCompile>
    <ClCompile Include="..\..\..\source\shader\BlurProg.cpp">
      <Filter>shader\filter\progs\blur</Filter>
    </ClCompile>
    <ClCompile Include="..\..\..\source\shader\BurningMapProg.cpp">
      <Filter>shader\filter\progs\burning_map</Filter>
    </ClCompile>
    <ClCompile Include="..\..\..\source\shader\EdgeDetectProg.cpp">
      <Filter>shader\filter\progs\edge_detect</Filter>
    </ClCompile>
    <ClCompile Include="..\..\..\source\shader\GaussianBlurHoriProg.cpp">
      <Filter>shader\filter\progs\gaussian_blur</Filter>
    </ClCompile>
    <ClCompile Include="..\..\..\source\shader\GaussianBlurVertProg.cpp">
      <Filter>shader\filter\progs\gaussian_blur</Filter>
    </ClCompile>
    <ClCompile Include="..\..\..\source\shader\GrayProg.cpp">
      <Filter>shader\filter\progs\gray</Filter>
    </ClCompile>
    <ClCompile Include="..\..\..\source\shader\HeatHazeProg.cpp">
      <Filter>shader\filter\progs\heat_haze</Filter>
    </ClCompile>
    <ClCompile Include="..\..\..\source\shader\OutlineProg.cpp">
      <Filter>shader\filter\progs\outline</Filter>
    </ClCompile>
    <ClCompile Include="..\..\..\source\shader\ReliefProg.cpp">
      <Filter>shader\filter\progs\relief</Filter>
    </ClCompile>
    <ClCompile Include="..\..\..\source\shader\ShockWaveProg.cpp">
      <Filter>shader\filter\progs\shock_wave</Filter>
    </ClCompile>
    <ClCompile Include="..\..\..\source\shader\SwirlProg.cpp">
      <Filter>shader\filter\progs\swirl</Filter>
    </ClCompile>
    <ClCompile Include="..\..\..\source\shader\ColGradingProg.cpp">
      <Filter>shader\filter\progs\color_grading</Filter>
    </ClCompile>
    <ClCompile Include="..\..\..\source\shader\BlendShader.cpp">
      <Filter>shader\blend</Filter>
    </ClCompile>
    <ClCompile Include="..\..\..\source\shader\Model3Shader.cpp">
      <Filter>shader\model3</Filter>
    </ClCompile>
    <ClCompile Include="..\..\..\source\shader\ShaderProgram.cpp">
      <Filter>shader\utility</Filter>
    </ClCompile>
    <ClCompile Include="..\..\..\source\shader\ObserverMVP.cpp">
      <Filter>shader\utility\msg</Filter>
    </ClCompile>
    <ClCompile Include="..\..\..\source\shader\SubjectMVP2.cpp">
      <Filter>shader\utility\msg</Filter>
    </ClCompile>
    <ClCompile Include="..\..\..\source\shader\SubjectMVP3.cpp">
      <Filter>shader\utility\msg</Filter>
    </ClCompile>
    <ClCompile Include="..\..\..\source\shader\MaskShader.cpp">
      <Filter>shader\mask</Filter>
    </ClCompile>
    <ClCompile Include="..\..\..\source\utility\Buffer.cpp">
      <Filter>utility</Filter>
    </ClCompile>
    <ClCompile Include="..\..\..\source\utility\StackAllocator.cpp">
      <Filter>utility</Filter>
    </ClCompile>
    <ClCompile Include="..\..\..\source\utility\StatDrawCall.cpp">
      <Filter>utility\stat</Filter>
    </ClCompile>
    <ClCompile Include="..\..\..\source\utility\Statistics.cpp">
      <Filter>utility\stat</Filter>
    </ClCompile>
    <ClCompile Include="..\..\..\source\render\RenderBuffer.cpp">
      <Filter>render</Filter>
    </ClCompile>
    <ClCompile Include="..\..\..\source\render\RenderLayout.cpp">
      <Filter>render</Filter>
    </ClCompile>
    <ClCompile Include="..\..\..\source\render\SL_RenderShader.cpp">
      <Filter>render</Filter>
    </ClCompile>
    <ClCompile Include="..\..\..\source\parser\ParserShader.cpp">
      <Filter>parser</Filter>
    </ClCompile>
    <ClCompile Include="..\..\..\source\parser\SL_StringHelper.cpp">
      <Filter>parser\utility</Filter>
    </ClCompile>
    <ClCompile Include="..\..\..\source\parser\Node.cpp">
      <Filter>parser\nodes</Filter>
    </ClCompile>
    <ClCompile Include="..\..\..\source\parser\GouraudShading.cpp">
      <Filter>parser\nodes\vert</Filter>
    </ClCompile>
    <ClCompile Include="..\..\..\source\parser\PositionTrans.cpp">
      <Filter>parser\nodes\vert</Filter>
    </ClCompile>
    <ClCompile Include="..\..\..\source\parser\ColorAddMul.cpp">
      <Filter>parser\nodes\frag</Filter>
    </ClCompile>
    <ClCompile Include="..\..\..\source\parser\ColorMap.cpp">
      <Filter>parser\nodes\frag</Filter>
    </ClCompile>
    <ClCompile Include="..\..\..\source\parser\TextureMap.cpp">
      <Filter>parser\nodes\frag</Filter>
    </ClCompile>
    <ClCompile Include="..\..\..\source\parser\Assign.cpp">
      <Filter>parser\nodes\atomic</Filter>
    </ClCompile>
    <ClCompile Include="..\..\..\source\parser\AttributeNode.cpp">
      <Filter>parser\nodes\atomic</Filter>
    </ClCompile>
    <ClCompile Include="..\..\..\source\parser\VaryingNode.cpp">
      <Filter>parser\nodes\atomic</Filter>
    </ClCompile>
    <ClCompile Include="..\..\..\source\parser\Filter.cpp">
      <Filter>parser\nodes\filter</Filter>
    </ClCompile>
    <ClCompile Include="..\..\..\source\parser\Gray.cpp">
      <Filter>parser\nodes\filter\gray</Filter>
    </ClCompile>
    <ClCompile Include="..\..\..\source\parser\Blend.cpp">
      <Filter>parser\nodes\blend</Filter>
    </ClCompile>
    <ClCompile Include="..\..\..\source\parser\Mask.cpp">
      <Filter>parser\nodes\mask</Filter>
    </ClCompile>
    <ClCompile Include="..\..\..\source\parser\Attribute.cpp">
      <Filter>parser\variables\types</Filter>
    </ClCompile>
    <ClCompile Include="..\..\..\source\parser\ParserUniform.cpp">
      <Filter>parser\variables\types</Filter>
    </ClCompile>
    <ClCompile Include="..\..\..\source\parser\Varying.cpp">
      <Filter>parser\variables\types</Filter>
    </ClCompile>
    <ClCompile Include="..\..\..\source\c_wrap_sl.cpp" />
  </ItemGroup>
  <ItemGroup>
    <None Include="..\..\..\include\shaderlab\blur.frag">
      <Filter>parser\nodes\filter\blur</Filter>
    </None>
    <None Include="..\..\..\include\shaderlab\edge_detect.frag">
      <Filter>parser\nodes\filter\edge_detect</Filter>
    </None>
    <None Include="..\..\..\include\shaderlab\gaussian_blur_hori.frag">
      <Filter>parser\nodes\filter\gaussian_blur</Filter>
    </None>
    <None Include="..\..\..\include\shaderlab\gaussian_blur_vert.frag">
      <Filter>parser\nodes\filter\gaussian_blur</Filter>
    </None>
    <None Include="..\..\..\include\shaderlab\heat_haze.frag">
      <Filter>parser\nodes\filter\heat_haze</Filter>
    </None>
    <None Include="..\..\..\include\shaderlab\outline.frag">
      <Filter>parser\nodes\filter\outline</Filter>
    </None>
    <None Include="..\..\..\include\shaderlab\relief.frag">
      <Filter>parser\nodes\filter\relief</Filter>
    </None>
    <None Include="..\..\..\include\shaderlab\shock_wave.frag">
      <Filter>parser\nodes\filter\shock_wave</Filter>
    </None>
    <None Include="..\..\..\include\shaderlab\swirl.frag">
      <Filter>parser\nodes\filter\swirl</Filter>
    </None>
    <None Include="..\..\..\include\shaderlab\burning_map.frag">
      <Filter>parser\nodes\filter\burning_map</Filter>
    </None>
    <None Include="..\..\..\include\shaderlab\color_grading.frag">
      <Filter>parser\nodes\filter\color_grading</Filter>
    </None>
    <None Include="..\..\..\include\shaderlab\blend.frag">
      <Filter>parser\nodes\blend</Filter>
    </None>
    <None Include="..\..\..\include\shaderlab\Mask.frag">
      <Filter>parser\nodes\mask</Filter>
    </None>
  </ItemGroup>
</Project>